{
    "_readme": [
        "This file locks the dependencies of your project to a known state",
        "Read more about it at http://getcomposer.org/doc/01-basic-usage.md#composer-lock-the-lock-file",
        "This file is @generated automatically"
    ],
    "hash": "d65899ba93a6f51fff84aab76c04f612",
    "packages": [
        {
            "name": "adrexia/gamesevent",
            "version": "dev-master",
            "source": {
                "type": "git",
                "url": "https://github.com/adrexia/silverstripe-gamesevent.git",
                "reference": "bc553b61b7b76f80e3e8fc0fd1f2209e96867a85"
            },
            "dist": {
                "type": "zip",
                "url": "https://api.github.com/repos/adrexia/silverstripe-gamesevent/zipball/bc553b61b7b76f80e3e8fc0fd1f2209e96867a85",
                "reference": "bc553b61b7b76f80e3e8fc0fd1f2209e96867a85",
                "shasum": ""
            },
            "require": {
                "silverstripe/cms": "~3.1",
                "silverstripe/framework": "~3.1"
            },
            "type": "silverstripe-module",
            "notification-url": "https://packagist.org/downloads/",
            "license": [
                "BSD-3-Clause"
            ],
            "authors": [
                {
                    "name": "Naomi Guyer",
                    "email": "naomi@silverstripe.com"
                }
            ],
            "description": "Provides management interfaces for gaming events",
            "keywords": [
                "silverstripe"
            ],
            "time": "2014-09-30 09:20:42"
        },
        {
            "name": "ajshort/silverstripe-gridfieldextensions",
            "version": "dev-master",
            "source": {
                "type": "git",
                "url": "https://github.com/ajshort/silverstripe-gridfieldextensions.git",
                "reference": "7bf3cf9a319f35ca858385c8146685ee4bfc5ad0"
            },
            "dist": {
                "type": "zip",
                "url": "https://api.github.com/repos/ajshort/silverstripe-gridfieldextensions/zipball/7bf3cf9a319f35ca858385c8146685ee4bfc5ad0",
                "reference": "7bf3cf9a319f35ca858385c8146685ee4bfc5ad0",
                "shasum": ""
            },
            "require": {
                "silverstripe/framework": "~3.1"
            },
            "type": "silverstripe-module",
            "extra": {
                "installer-name": "gridfieldextensions",
                "screenshots": [
                    "docs/en/_images/editable-rows.png",
                    "docs/en/_images/add-existing-search.png"
                ]
            },
            "notification-url": "https://packagist.org/downloads/",
            "license": [
                "BSD-3-Clause"
            ],
            "authors": [
                {
                    "name": "Andrew Short",
                    "email": "andrewjshort@gmail.com"
                }
            ],
            "description": "A collection of useful grid field components",
            "homepage": "http://github.com/ajshort/silverstripe-gridfieldextensions",
            "keywords": [
                "gridfield",
                "silverstripe"
            ],
            "time": "2014-07-09 12:49:12"
        },
        {
            "name": "ajshort/silverstripe-memberprofiles",
            "version": "0.4",
            "source": {
                "type": "git",
                "url": "https://github.com/adrexia/silverstripe-memberprofiles.git",
                "reference": "6c6fd8d36438116a826d9ac487ee9c2c1f1e193d"
            },
            "dist": {
                "type": "zip",
                "url": "https://api.github.com/repos/adrexia/silverstripe-memberprofiles/zipball/6c6fd8d36438116a826d9ac487ee9c2c1f1e193d",
                "reference": "6c6fd8d36438116a826d9ac487ee9c2c1f1e193d",
                "shasum": ""
            },
            "require": {
                "silverstripe/cms": "~3.1",
                "silverstripe/framework": "~3.1"
            },
            "replace": {
                "silverstripe/memberprofiles": "*"
            },
            "suggest": {
                "ajshort/silverstripe-gridfieldextensions": "Allows drag-and-drop reordering of fields"
            },
            "type": "silverstripe-module",
            "extra": {
                "installer-name": "memberprofiles",
                "screenshots": [
                    "http://ajshort.github.com/silverstripe-memberprofiles/screenshots/edit-profile.png",
                    "http://ajshort.github.com/silverstripe-memberprofiles/screenshots/cms-profile-fields.png",
                    "http://ajshort.github.com/silverstripe-memberprofiles/screenshots/member-list.png"
                ]
            },
            "license": [
                "BSD-3-Clause"
            ],
            "authors": [
                {
                    "name": "Andrew Short",
                    "email": "andrewjshort@gmail.com"
                }
            ],
            "description": "Member registration and profile management",
            "keywords": [
                "member",
                "profile",
                "registration",
                "silverstripe"
            ],
            "support": {
                "source": "https://github.com/adrexia/silverstripe-memberprofiles/tree/3.1"
            },
            "time": "2013-09-15 12:31:44"
        },
        {
            "name": "composer/installers",
            "version": "dev-master",
            "source": {
                "type": "git",
                "url": "https://github.com/composer/installers.git",
                "reference": "5ed225fe8545c4e4bf502d56fdd87791ecfdd078"
            },
            "dist": {
                "type": "zip",
                "url": "https://api.github.com/repos/composer/installers/zipball/5ed225fe8545c4e4bf502d56fdd87791ecfdd078",
                "reference": "5ed225fe8545c4e4bf502d56fdd87791ecfdd078",
                "shasum": ""
            },
            "replace": {
                "roundcube/plugin-installer": "*",
                "shama/baton": "*"
            },
            "require-dev": {
                "composer/composer": "1.0.*@dev",
                "phpunit/phpunit": "4.1.*"
            },
            "type": "composer-installer",
            "extra": {
                "class": "Composer\\Installers\\Installer",
                "branch-alias": {
                    "dev-master": "1.0-dev"
                }
            },
            "autoload": {
                "psr-0": {
                    "Composer\\Installers\\": "src/"
                }
            },
            "notification-url": "https://packagist.org/downloads/",
            "license": [
                "MIT"
            ],
            "authors": [
                {
                    "name": "Kyle Robinson Young",
                    "email": "kyle@dontkry.com",
                    "homepage": "https://github.com/shama"
                }
            ],
            "description": "A multi-framework Composer library installer",
            "homepage": "http://composer.github.com/installers/",
            "keywords": [
                "Craft",
                "Dolibarr",
                "Hurad",
                "MODX Evo",
                "OXID",
                "Thelia",
                "WolfCMS",
                "agl",
                "annotatecms",
                "bitrix",
                "cakephp",
                "chef",
                "codeigniter",
                "concrete5",
                "croogo",
                "drupal",
                "elgg",
                "fuelphp",
                "grav",
                "installer",
                "joomla",
                "kohana",
                "laravel",
                "lithium",
                "magento",
                "mako",
                "mediawiki",
                "modulework",
                "moodle",
                "phpbb",
                "piwik",
                "ppi",
                "puppet",
                "roundcube",
                "shopware",
                "silverstripe",
                "symfony",
                "typo3",
                "wordpress",
                "zend",
                "zikula"
            ],
            "time": "2014-09-25 03:36:45"
        },
        {
            "name": "mateusz/frontend",
            "version": "dev-master",
            "source": {
                "type": "git",
                "url": "https://github.com/mateusz/silverstripe-frontend.git",
                "reference": "32355af5d78c93fffae0a2151b8798c776f4ff30"
            },
            "dist": {
                "type": "zip",
                "url": "https://api.github.com/repos/mateusz/silverstripe-frontend/zipball/32355af5d78c93fffae0a2151b8798c776f4ff30",
                "reference": "32355af5d78c93fffae0a2151b8798c776f4ff30",
                "shasum": ""
            },
            "require": {
                "silverstripe/framework": "~3.1"
            },
            "replace": {
                "silverstripe/frontend": "*"
            },
            "type": "silverstripe-module",
            "notification-url": "https://packagist.org/downloads/",
            "license": [
                "BSD-3-Clause"
            ],
            "authors": [
                {
                    "name": "Mateusz Uzdowski",
                    "email": "mateusz@silverstripe.com"
                }
            ],
            "description": "Provides frontend widgets that nicely integrate with a SilverStripe site.",
            "keywords": [
                "frontend",
                "silverstripe",
                "widgets"
            ],
            "time": "2013-08-25 20:49:47"
        },
        {
            "name": "silverstripe/cms",
            "version": "3.1.6",
            "source": {
                "type": "git",
                "url": "https://github.com/silverstripe/silverstripe-cms.git",
                "reference": "796874dae7706e7675431948c9780e18c7c74dd5"
            },
            "dist": {
                "type": "zip",
                "url": "https://api.github.com/repos/silverstripe/silverstripe-cms/zipball/796874dae7706e7675431948c9780e18c7c74dd5",
                "reference": "796874dae7706e7675431948c9780e18c7c74dd5",
                "shasum": ""
            },
            "require": {
                "composer/installers": "*",
                "php": ">=5.3.2",
                "silverstripe/framework": "3.1.*"
            },
            "type": "silverstripe-module",
            "autoload": {
                "classmap": [
                    "tests/behat/"
                ]
            },
            "notification-url": "https://packagist.org/downloads/",
            "license": [
                "BSD-3-Clause"
            ],
            "authors": [
                {
                    "name": "SilverStripe",
                    "homepage": "http://silverstripe.com"
                },
                {
                    "name": "The SilverStripe Community",
                    "homepage": "http://silverstripe.org"
                }
            ],
            "description": "The SilverStripe Content Management System",
            "homepage": "http://silverstripe.org",
            "keywords": [
                "cms",
                "silverstripe"
            ],
            "time": "2014-08-12 22:52:51"
        },
        {
            "name": "silverstripe/dashboard",
            "version": "dev-master",
            "source": {
                "type": "git",
                "url": "https://github.com/unclecheese/silverstripe-dashboard.git",
                "reference": "db1d6b3f72fccb4960135f35ecf2c51053b39499"
            },
            "dist": {
                "type": "zip",
                "url": "https://api.github.com/repos/unclecheese/silverstripe-dashboard/zipball/db1d6b3f72fccb4960135f35ecf2c51053b39499",
                "reference": "db1d6b3f72fccb4960135f35ecf2c51053b39499",
                "shasum": ""
            },
            "require": {
                "silverstripe/cms": "~3.1",
                "silverstripe/framework": "~3.1"
            },
            "replace": {
                "silverstripe/dashboard": "*"
            },
            "type": "silverstripe-module",
            "extra": {
                "installer-name": "dashboard"
            },
            "notification-url": "https://packagist.org/downloads/",
            "license": [
                "BSD-3-Clause"
            ],
            "authors": [
                {
                    "name": "Uncle Cheese",
                    "email": "unclecheese@leftandmain.com"
                }
            ],
            "description": "Adds a dashboard to the SilverStripe CMS",
            "keywords": [
                "cms",
                "dashboard",
                "module",
                "silverstripe"
            ],
            "time": "2014-09-25 00:44:47"
        },
        {
            "name": "silverstripe/framework",
            "version": "3.1.6",
            "source": {
                "type": "git",
                "url": "https://github.com/silverstripe/silverstripe-framework.git",
                "reference": "9da3357e3a7348914a4778366efa053277097cc4"
            },
            "dist": {
                "type": "zip",
                "url": "https://api.github.com/repos/silverstripe/silverstripe-framework/zipball/9da3357e3a7348914a4778366efa053277097cc4",
                "reference": "9da3357e3a7348914a4778366efa053277097cc4",
                "shasum": ""
            },
            "require": {
                "composer/installers": "*",
                "php": ">=5.3.2"
            },
            "require-dev": {
                "phpunit/phpunit": "~3.7@stable"
            },
            "type": "silverstripe-module",
            "autoload": {
                "classmap": [
                    "tests/behat/features/bootstrap"
                ]
            },
            "notification-url": "https://packagist.org/downloads/",
            "license": [
                "BSD-3-Clause"
            ],
            "authors": [
                {
                    "name": "SilverStripe",
                    "homepage": "http://silverstripe.com"
                },
                {
                    "name": "The SilverStripe Community",
                    "homepage": "http://silverstripe.org"
                }
            ],
            "description": "The SilverStripe framework",
            "homepage": "http://silverstripe.org",
            "keywords": [
                "framework",
                "silverstripe"
            ],
            "time": "2014-08-24 23:25:01"
        },
        {
            "name": "unclecheese/betterbuttons",
            "version": "dev-master",
            "source": {
                "type": "git",
                "url": "https://github.com/unclecheese/silverstripe-gridfield-betterbuttons.git",
                "reference": "6206ecba9e9c606883e091bb366928c89bf8cb9a"
            },
            "dist": {
                "type": "zip",
                "url": "https://api.github.com/repos/unclecheese/silverstripe-gridfield-betterbuttons/zipball/6206ecba9e9c606883e091bb366928c89bf8cb9a",
                "reference": "6206ecba9e9c606883e091bb366928c89bf8cb9a",
                "shasum": ""
            },
            "require": {
                "silverstripe/framework": "~3.1"
            },
            "type": "silverstripe-module",
            "notification-url": "https://packagist.org/downloads/",
            "license": [
                "BSD-3-Clause"
            ],
            "authors": [
                {
                    "name": "Uncle Cheese",
                    "email": "unclecheese@leftandmain.com",
                    "homepage": "http://leftandmain.com"
                }
            ],
            "description": "Adds new form actions and buttons to GridField detail form for usability enhancements.",
            "keywords": [
                "buttons",
                "gridfield",
                "silverstripe"
            ],
            "time": "2014-07-16 11:26:46"
        }
    ],
    "packages-dev": [

    ],
    "aliases": [

    ],
    "minimum-stability": "dev",
    "stability-flags": {
        "mateusz/frontend": 20,
        "ajshort/silverstripe-gridfieldextensions": 20,
        "unclecheese/betterbuttons": 20,
        "silverstripe/dashboard": 20,
        "adrexia/gamesevent": 20
    },
    "platform": {
        "php": ">=5.3.2"
    },
    "platform-dev": [

    ]
}
