{
    "_readme": [
        "This file locks the dependencies of your project to a known state",
        "Read more about it at http://getcomposer.org/doc/01-basic-usage.md#composer-lock-the-lock-file",
        "This file is @generated automatically"
    ],
    "hash": "5448b59ff2cb84cac48513c8da643894",
    "packages": [
        {
            "name": "adrexia/gamesevent",
            "version": "dev-master",
            "source": {
                "type": "git",
                "url": "https://github.com/adrexia/silverstripe-gamesevent.git",
                "reference": "d7a75e15dcab8c2a7e60315a100972ff56c401a1"
            },
            "dist": {
                "type": "zip",
                "url": "https://api.github.com/repos/adrexia/silverstripe-gamesevent/zipball/d7a75e15dcab8c2a7e60315a100972ff56c401a1",
                "reference": "d7a75e15dcab8c2a7e60315a100972ff56c401a1",
                "shasum": ""
            },
            "require": {
                "ajshort/silverstripe-memberprofiles": "*",
                "mateusz/frontend": "*",
                "silverstripe/cms": "~3.1",
                "silverstripe/framework": "~3.1"
            },
            "type": "silverstripe-module",
            "notification-url": "https://packagist.org/downloads/",
            "license": [
                "BSD-3-Clause"
            ],
            "authors": [
                {
                    "name": "Naomi Guyer",
                    "email": "naomi@silverstripe.com"
                }
            ],
            "description": "Provides management interfaces for gaming events",
            "keywords": [
                "silverstripe"
            ],
            "time": "2015-01-24 11:06:12"
        },
        {
            "name": "ajshort/silverstripe-gridfieldextensions",
            "version": "dev-master",
            "source": {
                "type": "git",
                "url": "git@github.com:ajshort/silverstripe-gridfieldextensions.git",
                "reference": "9ff5de80d4e90a8f79dd755be60db8f69b9c999d"
            },
            "dist": {
                "type": "zip",
                "url": "https://api.github.com/repos/ajshort/silverstripe-gridfieldextensions/zipball/9ff5de80d4e90a8f79dd755be60db8f69b9c999d",
                "reference": "9ff5de80d4e90a8f79dd755be60db8f69b9c999d",
                "shasum": ""
            },
            "require": {
                "silverstripe/framework": "~3.1"
            },
            "replace": {
                "ajshort/silverstripe-gridfieldextensions": "self.version"
            },
            "type": "silverstripe-module",
            "extra": {
                "installer-name": "gridfieldextensions",
                "screenshots": [
                    "docs/en/_images/editable-rows.png",
                    "docs/en/_images/add-existing-search.png"
                ]
            },
            "notification-url": "https://packagist.org/downloads/",
            "license": [
                "BSD-3-Clause"
            ],
            "authors": [
                {
                    "name": "Marcus Nyeholt",
                    "email": "marcus@silverstripe.com.au"
                },
                {
                    "name": "Andrew Short",
                    "email": "andrewjshort@gmail.com"
                }
            ],
            "description": "A collection of useful grid field components",
            "homepage": "http://github.com/ajshort/silverstripe-gridfieldextensions",
            "keywords": [
                "gridfield",
                "silverstripe"
            ],
            "time": "2015-01-03 06:06:35"
        },
        {
            "name": "ajshort/silverstripe-memberprofiles",
            "version": "0.4",
            "source": {
                "type": "git",
                "url": "https://github.com/adrexia/silverstripe-memberprofiles.git",
                "reference": "6c6fd8d36438116a826d9ac487ee9c2c1f1e193d"
            },
            "dist": {
                "type": "zip",
                "url": "https://api.github.com/repos/adrexia/silverstripe-memberprofiles/zipball/6c6fd8d36438116a826d9ac487ee9c2c1f1e193d",
                "reference": "6c6fd8d36438116a826d9ac487ee9c2c1f1e193d",
                "shasum": ""
            },
            "require": {
                "silverstripe/cms": "~3.1",
                "silverstripe/framework": "~3.1"
            },
            "replace": {
                "silverstripe/memberprofiles": "*"
            },
            "suggest": {
                "ajshort/silverstripe-gridfieldextensions": "Allows drag-and-drop reordering of fields"
            },
            "type": "silverstripe-module",
            "extra": {
                "installer-name": "memberprofiles",
                "screenshots": [
                    "http://ajshort.github.com/silverstripe-memberprofiles/screenshots/edit-profile.png",
                    "http://ajshort.github.com/silverstripe-memberprofiles/screenshots/cms-profile-fields.png",
                    "http://ajshort.github.com/silverstripe-memberprofiles/screenshots/member-list.png"
                ]
            },
            "license": [
                "BSD-3-Clause"
            ],
            "authors": [
                {
                    "name": "Andrew Short",
                    "email": "andrewjshort@gmail.com"
                }
            ],
            "description": "Member registration and profile management",
            "keywords": [
                "member",
                "profile",
                "registration",
                "silverstripe"
            ],
            "support": {
                "source": "https://github.com/adrexia/silverstripe-memberprofiles/tree/3.1"
            },
            "time": "2013-09-15 12:31:44"
        },
        {
            "name": "composer/installers",
            "version": "dev-master",
            "source": {
                "type": "git",
                "url": "https://github.com/composer/installers.git",
                "reference": "2d91dc9ce37bbf876cd408d483270a07001d8c7d"
            },
            "dist": {
                "type": "zip",
                "url": "https://api.github.com/repos/composer/installers/zipball/2d91dc9ce37bbf876cd408d483270a07001d8c7d",
                "reference": "2d91dc9ce37bbf876cd408d483270a07001d8c7d",
                "shasum": ""
            },
            "replace": {
                "roundcube/plugin-installer": "*",
                "shama/baton": "*"
            },
            "require-dev": {
                "composer/composer": "1.0.*@dev",
                "phpunit/phpunit": "4.1.*"
            },
            "type": "composer-installer",
            "extra": {
                "class": "Composer\\Installers\\Installer",
                "branch-alias": {
                    "dev-master": "1.0-dev"
                }
            },
            "autoload": {
                "psr-0": {
                    "Composer\\Installers\\": "src/"
                }
            },
            "notification-url": "https://packagist.org/downloads/",
            "license": [
                "MIT"
            ],
            "authors": [
                {
                    "name": "Kyle Robinson Young",
                    "email": "kyle@dontkry.com",
                    "homepage": "https://github.com/shama"
                }
            ],
            "description": "A multi-framework Composer library installer",
            "homepage": "http://composer.github.com/installers/",
            "keywords": [
                "Craft",
                "Dolibarr",
                "Hurad",
                "MODX Evo",
                "OXID",
                "SMF",
                "Thelia",
                "WolfCMS",
                "agl",
                "annotatecms",
                "bitrix",
                "cakephp",
                "chef",
                "codeigniter",
                "concrete5",
                "croogo",
                "dokuwiki",
                "drupal",
                "elgg",
                "fuelphp",
                "grav",
                "installer",
                "joomla",
                "kohana",
                "laravel",
                "lithium",
                "magento",
                "mako",
                "mediawiki",
                "modulework",
                "moodle",
                "phpbb",
                "piwik",
                "ppi",
                "puppet",
                "roundcube",
                "shopware",
                "silverstripe",
                "symfony",
                "typo3",
                "wordpress",
                "zend",
                "zikula"
            ],
            "time": "2015-01-21 21:08:45"
        },
        {
            "name": "mateusz/frontend",
            "version": "dev-master",
            "source": {
                "type": "git",
                "url": "https://github.com/mateusz/silverstripe-frontend.git",
                "reference": "32355af5d78c93fffae0a2151b8798c776f4ff30"
            },
            "dist": {
                "type": "zip",
                "url": "https://api.github.com/repos/mateusz/silverstripe-frontend/zipball/32355af5d78c93fffae0a2151b8798c776f4ff30",
                "reference": "32355af5d78c93fffae0a2151b8798c776f4ff30",
                "shasum": ""
            },
            "require": {
                "silverstripe/framework": "~3.1"
            },
            "replace": {
                "silverstripe/frontend": "*"
            },
            "type": "silverstripe-module",
            "notification-url": "https://packagist.org/downloads/",
            "license": [
                "BSD-3-Clause"
            ],
            "authors": [
                {
                    "name": "Mateusz Uzdowski",
                    "email": "mateusz@silverstripe.com"
                }
            ],
            "description": "Provides frontend widgets that nicely integrate with a SilverStripe site.",
            "keywords": [
                "frontend",
                "silverstripe",
                "widgets"
            ],
            "time": "2013-08-25 20:49:47"
        },
        {
            "name": "silverstripe/cms",
            "version": "3.1.9",
            "source": {
                "type": "git",
                "url": "https://github.com/silverstripe/silverstripe-cms.git",
                "reference": "ee4639ed7447b35ec7159b39165819f11b0ccb56"
            },
            "dist": {
                "type": "zip",
                "url": "https://api.github.com/repos/silverstripe/silverstripe-cms/zipball/ee4639ed7447b35ec7159b39165819f11b0ccb56",
                "reference": "ee4639ed7447b35ec7159b39165819f11b0ccb56",
                "shasum": ""
            },
            "require": {
                "composer/installers": "*",
                "php": ">=5.3.2",
                "silverstripe/framework": "3.1.*"
            },
            "type": "silverstripe-module",
            "autoload": {
                "classmap": [
                    "tests/behat/"
                ]
            },
            "notification-url": "https://packagist.org/downloads/",
            "license": [
                "BSD-3-Clause"
            ],
            "authors": [
                {
                    "name": "SilverStripe",
                    "homepage": "http://silverstripe.com"
                },
                {
                    "name": "The SilverStripe Community",
                    "homepage": "http://silverstripe.org"
                }
            ],
            "description": "The SilverStripe Content Management System",
            "homepage": "http://silverstripe.org",
            "keywords": [
                "cms",
                "silverstripe"
            ],
            "time": "2015-01-12 04:52:29"
        },
        {
            "name": "silverstripe/dashboard",
            "version": "dev-master",
            "source": {
                "type": "git",
                "url": "https://github.com/unclecheese/silverstripe-dashboard.git",
                "reference": "9eef4895a4585f67aeceee43e89036f31670ac02"
            },
            "dist": {
                "type": "zip",
                "url": "https://api.github.com/repos/unclecheese/silverstripe-dashboard/zipball/9eef4895a4585f67aeceee43e89036f31670ac02",
                "reference": "9eef4895a4585f67aeceee43e89036f31670ac02",
                "shasum": ""
            },
            "require": {
                "silverstripe/cms": "~3.1",
                "silverstripe/framework": "~3.1"
            },
            "replace": {
                "silverstripe/dashboard": "*"
            },
            "type": "silverstripe-module",
            "extra": {
                "installer-name": "dashboard"
            },
            "notification-url": "https://packagist.org/downloads/",
            "license": [
                "BSD-3-Clause"
            ],
            "authors": [
                {
                    "name": "Uncle Cheese",
                    "email": "unclecheese@leftandmain.com"
                }
            ],
            "description": "Adds a dashboard to the SilverStripe CMS",
            "keywords": [
                "cms",
                "dashboard",
                "module",
                "silverstripe"
            ],
            "time": "2014-11-04 21:00:35"
        },
        {
            "name": "silverstripe/framework",
            "version": "3.1.9",
            "source": {
                "type": "git",
                "url": "https://github.com/silverstripe/silverstripe-framework.git",
                "reference": "87d6250ea75f5e1c765d9004c51bd5ffd5633185"
            },
            "dist": {
                "type": "zip",
                "url": "https://api.github.com/repos/silverstripe/silverstripe-framework/zipball/87d6250ea75f5e1c765d9004c51bd5ffd5633185",
                "reference": "87d6250ea75f5e1c765d9004c51bd5ffd5633185",
                "shasum": ""
            },
            "require": {
                "composer/installers": "*",
                "php": ">=5.3.2"
            },
            "require-dev": {
                "phpunit/phpunit": "~3.7@stable"
            },
            "type": "silverstripe-module",
            "autoload": {
                "classmap": [
                    "tests/behat/features/bootstrap"
                ]
            },
            "notification-url": "https://packagist.org/downloads/",
            "license": [
                "BSD-3-Clause"
            ],
            "authors": [
                {
                    "name": "SilverStripe",
                    "homepage": "http://silverstripe.com"
                },
                {
                    "name": "The SilverStripe Community",
                    "homepage": "http://silverstripe.org"
                }
            ],
            "description": "The SilverStripe framework",
            "homepage": "http://silverstripe.org",
            "keywords": [
                "framework",
                "silverstripe"
            ],
            "time": "2015-01-14 22:56:46"
        },
        {
            "name": "silverstripe/html5",
            "version": "1.0.2",
            "source": {
                "type": "git",
                "url": "https://github.com/silverstripe/silverstripe-html5.git",
                "reference": "54fc0b86efbfc571293c75862991923c78a7f1f8"
            },
            "dist": {
                "type": "zip",
                "url": "https://api.github.com/repos/silverstripe/silverstripe-html5/zipball/54fc0b86efbfc571293c75862991923c78a7f1f8",
                "reference": "54fc0b86efbfc571293c75862991923c78a7f1f8",
                "shasum": ""
            },
            "require": {
                "silverstripe/framework": "3.*"
            },
            "type": "silverstripe-module",
            "notification-url": "https://packagist.org/downloads/",
            "license": [
                "BSD-3-Clause"
            ],
            "description": "HTML5 support for SilverStripe",
            "keywords": [
                "HTML5",
                "silverstripe"
            ],
            "time": "2013-03-19 21:01:47"
        },
        {
            "name": "silverstripe/iframe",
            "version": "1.0.4",
            "source": {
                "type": "git",
                "url": "https://github.com/silverstripe-labs/silverstripe-iframe.git",
                "reference": "83cde3c93145084d7074e73602a5d299d1420887"
            },
            "dist": {
                "type": "zip",
                "url": "https://api.github.com/repos/silverstripe-labs/silverstripe-iframe/zipball/83cde3c93145084d7074e73602a5d299d1420887",
                "reference": "83cde3c93145084d7074e73602a5d299d1420887",
                "shasum": ""
            },
            "require": {
                "silverstripe/cms": "3.*",
                "silverstripe/framework": "3.*"
            },
            "type": "silverstripe-module",
            "notification-url": "https://packagist.org/downloads/",
            "license": [
                "BSD-3-Clause"
            ],
            "authors": [
                {
                    "name": "Mateusz Uzdowski",
                    "email": "mateusz@silverstripe.com"
                }
            ],
            "description": "Add an iFrame pagetype to SilverStripe, to show content from another website",
            "keywords": [
                "silverstripe"
            ],
            "time": "2014-07-16 04:20:16"
        },
        {
            "name": "silverstripe/mimevalidator",
            "version": "1.0.0",
            "source": {
                "type": "git",
                "url": "https://github.com/silverstripe-labs/silverstripe-mimevalidator.git",
                "reference": "cb2cb5f4a51b7f0c12976b372fc52e1d8a1652d8"
            },
            "dist": {
                "type": "zip",
                "url": "https://api.github.com/repos/silverstripe-labs/silverstripe-mimevalidator/zipball/cb2cb5f4a51b7f0c12976b372fc52e1d8a1652d8",
                "reference": "cb2cb5f4a51b7f0c12976b372fc52e1d8a1652d8",
                "shasum": ""
            },
            "require": {
                "silverstripe/framework": "~3.1"
            },
            "type": "silverstripe-module",
            "notification-url": "https://packagist.org/downloads/",
            "license": [
                "BSD-3-Clause"
            ],
            "authors": [
                {
                    "name": "Sean Harvey",
                    "email": "sean@silverstripe.com"
                }
            ],
            "description": "Checks uploaded file content roughly matches a known MIME type for the file extension.",
            "keywords": [
                "fileinfo",
                "mime",
                "silverstripe",
                "upload",
                "validator"
            ],
            "time": "2014-08-04 01:24:01"
        },
        {
            "name": "silverstripe/multivaluefield",
            "version": "2.0.3",
            "source": {
                "type": "git",
                "url": "https://github.com/silverstripe-australia/silverstripe-multivaluefield.git",
                "reference": "20a057a87ab0f2d1b87998b6c2e6c8d6875468e2"
            },
            "dist": {
                "type": "zip",
                "url": "https://api.github.com/repos/silverstripe-australia/silverstripe-multivaluefield/zipball/20a057a87ab0f2d1b87998b6c2e6c8d6875468e2",
                "reference": "20a057a87ab0f2d1b87998b6c2e6c8d6875468e2",
                "shasum": ""
            },
            "require": {
                "silverstripe/framework": ">=3.0.0"
            },
            "type": "silverstripe-module",
            "notification-url": "https://packagist.org/downloads/",
            "license": [
                "BSD-3-Clause"
            ],
            "authors": [
                {
                    "name": "Marcus Nyeholt",
                    "email": "marcus@silverstripe.com.au"
                }
            ],
            "description": "A DB field + form fields for storing multiple values in a single property (serialized).",
            "keywords": [
                "dbfield",
                "formfield",
                "silverstripe"
            ],
            "time": "2014-08-21 00:51:47"
        },
        {
            "name": "silverstripe/queuedjobs",
            "version": "2.2.1",
            "source": {
                "type": "git",
                "url": "https://github.com/silverstripe-australia/silverstripe-queuedjobs.git",
                "reference": "5dc627e16ccd128932c2af6fd9a15ec4cfe1cca4"
            },
            "dist": {
                "type": "zip",
                "url": "https://api.github.com/repos/silverstripe-australia/silverstripe-queuedjobs/zipball/5dc627e16ccd128932c2af6fd9a15ec4cfe1cca4",
                "reference": "5dc627e16ccd128932c2af6fd9a15ec4cfe1cca4",
                "shasum": ""
            },
            "require": {
                "silverstripe/cms": "~3.1",
                "silverstripe/framework": "~3.1",
                "silverstripe/multivaluefield": "~2.0.0"
            },
            "type": "silverstripe-module",
            "notification-url": "https://packagist.org/downloads/",
            "license": [
                "BSD-3-Clause"
            ],
            "authors": [
                {
                    "name": "Marcus Nyeholt",
                    "email": "marcus@silverstirpe.com.au"
                }
            ],
            "description": "A framework for defining and running background jobs in a queued manner",
            "keywords": [
                "jobs",
                "silverstripe"
            ],
            "time": "2014-08-21 01:25:03"
        },
        {
            "name": "silverstripe/restfulserver",
            "version": "1.0.2",
            "source": {
                "type": "git",
                "url": "https://github.com/silverstripe/silverstripe-restfulserver.git",
                "reference": "db4a70673b593c643323ed0411afb90eafa71bc6"
            },
            "dist": {
                "type": "zip",
                "url": "https://api.github.com/repos/silverstripe/silverstripe-restfulserver/zipball/db4a70673b593c643323ed0411afb90eafa71bc6",
                "reference": "db4a70673b593c643323ed0411afb90eafa71bc6",
                "shasum": ""
            },
            "require": {
                "silverstripe/framework": "3.*"
            },
            "type": "silverstripe-module",
            "notification-url": "https://packagist.org/downloads/",
            "authors": [
                {
                    "name": "Hamish Friedlander",
                    "email": "hamish@silverstripe.com",
                    "role": "Developer"
                },
                {
                    "name": "Sam Minnée",
                    "email": "sam@silverstripe.com"
                }
            ],
            "description": "Add a RESTful API to your SilverStripe application",
            "keywords": [
                "api",
                "rest",
                "silverstripe"
            ],
            "time": "2013-07-14 08:12:35"
        },
        {
            "name": "silverstripe/securityreport",
            "version": "1.0.1",
            "source": {
                "type": "git",
                "url": "https://github.com/silverstripe-labs/silverstripe-securityreport.git",
                "reference": "4abc0ba538a7c191c8e84378a9f4d7d24a7c431e"
            },
            "dist": {
                "type": "zip",
                "url": "https://api.github.com/repos/silverstripe-labs/silverstripe-securityreport/zipball/4abc0ba538a7c191c8e84378a9f4d7d24a7c431e",
                "reference": "4abc0ba538a7c191c8e84378a9f4d7d24a7c431e",
                "shasum": ""
            },
            "require": {
                "silverstripe/cms": "~3.1",
                "silverstripe/framework": "~3.1"
            },
            "type": "silverstripe-module",
            "notification-url": "https://packagist.org/downloads/",
            "license": [
                "BSD-3-Clause"
            ],
            "authors": [
                {
                    "name": "Damian Mooyman",
                    "email": "damian@silverstripe.com"
                }
            ],
            "description": "Generates a security and access report for CMS users",
            "keywords": [
                "report",
                "security",
                "silverstripe"
            ],
            "time": "2014-05-20 02:28:39"
        },
        {
            "name": "silverstripe/selectupload",
            "version": "1.0.1",
            "source": {
                "type": "git",
                "url": "https://github.com/silverstripe-labs/silverstripe-selectupload.git",
                "reference": "dc254eb7b1d532e963b23ae383af1ea36f162935"
            },
            "dist": {
                "type": "zip",
                "url": "https://api.github.com/repos/silverstripe-labs/silverstripe-selectupload/zipball/dc254eb7b1d532e963b23ae383af1ea36f162935",
                "reference": "dc254eb7b1d532e963b23ae383af1ea36f162935",
                "shasum": ""
            },
            "require": {
                "silverstripe/framework": "~3.1"
            },
            "type": "silverstripe-module",
            "notification-url": "https://packagist.org/downloads/",
            "license": [
                "BSD-3-Clause"
            ],
            "authors": [
                {
                    "name": "Damian Mooyman",
                    "email": "damian@silverstripe.com"
                }
            ],
            "description": "Enables files to be uploaded into a user-designated folder",
            "keywords": [
                "file",
                "silverstripe",
                "upload"
            ],
            "time": "2014-07-21 22:29:57"
        },
        {
            "name": "silverstripe/spellcheck",
            "version": "1.0.0",
            "source": {
                "type": "git",
                "url": "https://github.com/silverstripe-labs/silverstripe-spellcheck.git",
                "reference": "7978dd6245242474241fe032934584301617a352"
            },
            "dist": {
                "type": "zip",
                "url": "https://api.github.com/repos/silverstripe-labs/silverstripe-spellcheck/zipball/7978dd6245242474241fe032934584301617a352",
                "reference": "7978dd6245242474241fe032934584301617a352",
                "shasum": ""
            },
            "require": {
                "silverstripe/framework": "~3.1"
            },
            "require-dev": {
                "hafriedlander/silverstripe-phockito": "*",
                "phpunit/phpunit": "~3.7@stable"
            },
            "type": "silverstripe-module",
            "notification-url": "https://packagist.org/downloads/",
            "license": [
                "BSD-3-Clause"
            ],
            "authors": [
                {
                    "name": "Damian Mooyman",
                    "email": "damian@silverstripe.com"
                }
            ],
            "description": "Improves spellcheck support for SilverStripe CMS, including an implementation for HunSpell.",
            "keywords": [
                "hunspell",
                "silverstripe",
                "spellcheck"
            ],
            "time": "2014-07-30 00:12:45"
        },
        {
            "name": "silverstripe/standardsediting",
            "version": "dev-master",
            "source": {
                "type": "git",
                "url": "https://github.com/adrexia/silverstripe-standardsediting.git",
                "reference": "84f974c33f627f83c0dc2c2ec1c4059fa00fcd05"
            },
            "dist": {
                "type": "zip",
                "url": "https://api.github.com/repos/adrexia/silverstripe-standardsediting/zipball/84f974c33f627f83c0dc2c2ec1c4059fa00fcd05",
                "reference": "84f974c33f627f83c0dc2c2ec1c4059fa00fcd05",
                "shasum": ""
            },
            "require": {
                "silverstripe/cms": "~3.1",
                "silverstripe/framework": "~3.1",
                "silverstripe/html5": "*"
            },
            "type": "silverstripe-module",
            "notification-url": "https://packagist.org/downloads/",
            "license": [
                "BSD-3-Clause"
            ],
            "description": "Extensions to provide standards based editing for Silverstripe",
            "keywords": [
                "silverstripe"
            ],
            "time": "2014-03-14 03:58:32"
        },
        {
            "name": "silverstripe/userforms",
            "version": "2.0.5",
            "source": {
                "type": "git",
                "url": "https://github.com/silverstripe/silverstripe-userforms.git",
                "reference": "66a4d82d3aa8169855c953b0dfb33ea7ba314b19"
            },
            "dist": {
                "type": "zip",
                "url": "https://api.github.com/repos/silverstripe/silverstripe-userforms/zipball/66a4d82d3aa8169855c953b0dfb33ea7ba314b19",
                "reference": "66a4d82d3aa8169855c953b0dfb33ea7ba314b19",
                "shasum": ""
            },
            "require": {
                "silverstripe/cms": ">=3.1.0",
                "silverstripe/framework": ">=3.1.0"
            },
            "suggest": {
                "colymba/gridfield-bulk-editing-tools": "Allows for bulk management of form submissions"
            },
            "type": "silverstripe-module",
            "notification-url": "https://packagist.org/downloads/",
            "license": [
                "BSD-3-Clause"
            ],
            "authors": [
                {
                    "name": "Will Rossiter",
                    "email": "will@fullscreen.io"
                }
            ],
            "description": "UserForms enables CMS users to create dynamic forms via a drag and drop interface and without getting involved in any PHP code",
            "keywords": [
                "silverstripe",
                "userforms"
            ],
            "time": "2014-08-12 08:05:47"
        },
        {
            "name": "unclecheese/betterbuttons",
            "version": "dev-master",
            "source": {
                "type": "git",
                "url": "https://github.com/unclecheese/silverstripe-gridfield-betterbuttons.git",
                "reference": "595dffde1ba402e802cd7786512f788d1c661627"
            },
            "dist": {
                "type": "zip",
                "url": "https://api.github.com/repos/unclecheese/silverstripe-gridfield-betterbuttons/zipball/595dffde1ba402e802cd7786512f788d1c661627",
                "reference": "595dffde1ba402e802cd7786512f788d1c661627",
                "shasum": ""
            },
            "require": {
                "silverstripe/framework": "~3.1"
            },
            "type": "silverstripe-module",
            "notification-url": "https://packagist.org/downloads/",
            "license": [
                "BSD-3-Clause"
            ],
            "authors": [
                {
                    "name": "Uncle Cheese",
                    "email": "unclecheese@leftandmain.com"
                }
            ],
            "description": "Adds new form actions and buttons to GridField detail form for usability enhancements.",
            "keywords": [
                "buttons",
                "gridfield",
                "silverstripe"
            ],
            "time": "2014-11-22 10:29:29"
        }
    ],
    "packages-dev": [],
    "aliases": [],
    "minimum-stability": "dev",
    "stability-flags": {
        "mateusz/frontend": 20,
        "ajshort/silverstripe-gridfieldextensions": 20,
        "unclecheese/betterbuttons": 20,
        "silverstripe/dashboard": 20,
        "adrexia/gamesevent": 20,
        "silverstripe/standardsediting": 20
    },
    "platform": {
        "php": ">=5.3.2"
    },
    "platform-dev": []
}
