{
    "_readme": [
        "This file locks the dependencies of your project to a known state",
        "Read more about it at http://getcomposer.org/doc/01-basic-usage.md#composer-lock-the-lock-file"
    ],
    "hash": "85d0f69a84d4546ae4d93c8a197a647a",
    "packages": [
        {
            "name": "adrexia/gamesevent",
            "version": "dev-master",
            "source": {
                "type": "git",
                "url": "https://github.com/adrexia/silverstripe-gamesevent.git",
                "reference": "adaac9d64e9965c7bf0ab21b39ead441fc8c1cc8"
            },
            "dist": {
                "type": "zip",
                "url": "https://api.github.com/repos/adrexia/silverstripe-gamesevent/zipball/adaac9d64e9965c7bf0ab21b39ead441fc8c1cc8",
                "reference": "adaac9d64e9965c7bf0ab21b39ead441fc8c1cc8",
                "shasum": ""
            },
            "require": {
                "silverstripe/cms": "~3.1",
                "silverstripe/framework": "~3.1"
            },
            "type": "silverstripe-module",
            "notification-url": "https://packagist.org/downloads/",
            "license": [
                "BSD-3-Clause"
            ],
            "authors": [
                {
                    "name": "Naomi Guyer",
                    "email": "naomi@silverstripe.com",
                    "homepage": "http://www.silverstripe.com",
                    "role": "Developer"
                }
            ],
            "description": "Provides management interfaces for gaming events",
            "keywords": [
                "silverstripe"
            ],
            "time": "2013-09-22 10:26:55"
        },
        {
            "name": "ajshort/silverstripe-gridfieldextensions",
            "version": "dev-master",
            "source": {
                "type": "git",
                "url": "https://github.com/ajshort/silverstripe-gridfieldextensions.git",
                "reference": "712c5070e92eb086627aeea9ccddf118b2397c2f"
            },
            "dist": {
                "type": "zip",
                "url": "https://api.github.com/repos/ajshort/silverstripe-gridfieldextensions/zipball/712c5070e92eb086627aeea9ccddf118b2397c2f",
                "reference": "712c5070e92eb086627aeea9ccddf118b2397c2f",
                "shasum": ""
            },
            "require": {
                "silverstripe/framework": "~3.1"
            },
            "type": "silverstripe-module",
            "extra": {
                "installer-name": "gridfieldextensions",
                "screenshots": [
                    "docs/en/_images/editable-rows.png",
                    "docs/en/_images/add-existing-search.png"
                ]
            },
            "notification-url": "https://packagist.org/downloads/",
            "license": [
                "BSD-3-Clause"
            ],
            "authors": [
                {
                    "name": "Andrew Short",
                    "email": "andrewjshort@gmail.com"
                }
            ],
            "description": "A collection of useful grid field components",
            "homepage": "http://github.com/ajshort/silverstripe-gridfieldextensions",
            "keywords": [
                "gridfield",
                "silverstripe"
            ],
            "time": "2013-09-02 10:03:53"
        },
        {
            "name": "ajshort/silverstripe-memberprofiles",
            "version": "0.4",
            "source": {
                "type": "git",
                "url": "https://github.com/adrexia/silverstripe-memberprofiles.git",
                "reference": "6c6fd8d36438116a826d9ac487ee9c2c1f1e193d"
            },
            "dist": {
                "type": "zip",
                "url": "https://api.github.com/repos/adrexia/silverstripe-memberprofiles/zipball/6c6fd8d36438116a826d9ac487ee9c2c1f1e193d",
                "reference": "6c6fd8d36438116a826d9ac487ee9c2c1f1e193d",
                "shasum": ""
            },
            "require": {
                "silverstripe/cms": "~3.1",
                "silverstripe/framework": "~3.1"
            },
            "replace": {
                "silverstripe/memberprofiles": "*"
            },
            "suggest": {
                "ajshort/silverstripe-gridfieldextensions": "Allows drag-and-drop reordering of fields"
            },
            "type": "silverstripe-module",
            "extra": {
                "installer-name": "memberprofiles",
                "screenshots": [
                    "http://ajshort.github.com/silverstripe-memberprofiles/screenshots/edit-profile.png",
                    "http://ajshort.github.com/silverstripe-memberprofiles/screenshots/cms-profile-fields.png",
                    "http://ajshort.github.com/silverstripe-memberprofiles/screenshots/member-list.png"
                ]
            },
            "license": [
                "BSD-3-Clause"
            ],
            "authors": [
                {
                    "name": "Andrew Short",
                    "email": "andrewjshort@gmail.com"
                }
            ],
            "description": "Member registration and profile management",
            "keywords": [
                "member",
                "profile",
                "registration",
                "silverstripe"
            ],
            "support": {
                "source": "https://github.com/adrexia/silverstripe-memberprofiles/tree/3.1"
            },
            "time": "2013-09-15 12:31:44"
        },
        {
            "name": "composer/installers",
            "version": "dev-master",
            "source": {
                "type": "git",
                "url": "https://github.com/composer/installers.git",
                "reference": "b3bd071ea114a57212c75aa6a2eef5cfe0cc798f"
            },
            "dist": {
                "type": "zip",
                "url": "https://api.github.com/repos/composer/installers/zipball/b3bd071ea114a57212c75aa6a2eef5cfe0cc798f",
                "reference": "b3bd071ea114a57212c75aa6a2eef5cfe0cc798f",
                "shasum": ""
            },
            "replace": {
                "shama/baton": "*"
            },
            "require-dev": {
                "composer/composer": "1.0.*@dev",
                "phpunit/phpunit": "3.7.*"
            },
            "type": "composer-installer",
            "extra": {
                "class": "Composer\\Installers\\Installer",
                "branch-alias": {
                    "dev-master": "1.0-dev"
                }
            },
            "autoload": {
                "psr-0": {
                    "Composer\\Installers\\": "src/"
                }
            },
            "notification-url": "https://packagist.org/downloads/",
            "license": [
                "MIT"
            ],
            "authors": [
                {
                    "name": "Kyle Robinson Young",
                    "email": "kyle@dontkry.com",
                    "homepage": "https://github.com/shama",
                    "role": "Developer"
                }
            ],
            "description": "A multi-framework Composer library installer",
            "homepage": "http://composer.github.com/installers/",
            "keywords": [
                "TYPO3 CMS",
                "TYPO3 Flow",
                "TYPO3 Neos",
                "agl",
                "cakephp",
                "codeigniter",
                "drupal",
                "fuelphp",
                "installer",
                "joomla",
                "kohana",
                "laravel",
                "li3",
                "lithium",
                "mako",
                "modulework",
                "phpbb",
                "ppi",
                "silverstripe",
                "symfony",
                "wordpress",
                "zend"
            ],
            "time": "2013-08-20 04:37:09"
        },
        {
            "name": "mateusz/frontend",
            "version": "dev-master",
            "source": {
                "type": "git",
                "url": "https://github.com/mateusz/silverstripe-frontend.git",
                "reference": "32355af5d78c93fffae0a2151b8798c776f4ff30"
            },
            "dist": {
                "type": "zip",
                "url": "https://api.github.com/repos/mateusz/silverstripe-frontend/zipball/32355af5d78c93fffae0a2151b8798c776f4ff30",
                "reference": "32355af5d78c93fffae0a2151b8798c776f4ff30",
                "shasum": ""
            },
            "require": {
                "silverstripe/framework": "~3.1"
            },
            "replace": {
                "silverstripe/frontend": "*"
            },
            "type": "silverstripe-module",
            "notification-url": "https://packagist.org/downloads/",
            "license": [
                "BSD-3-Clause"
            ],
            "authors": [
                {
                    "name": "Mateusz Uzdowski",
                    "email": "mateusz@silverstripe.com"
                }
            ],
            "description": "Provides frontend widgets that nicely integrate with a SilverStripe site.",
            "keywords": [
                "frontend",
                "silverstripe",
                "widgets"
            ],
            "time": "2013-08-25 20:49:47"
        },
        {
            "name": "silverstripe/cms",
            "version": "dev-master",
            "source": {
                "type": "git",
                "url": "https://github.com/silverstripe/silverstripe-cms.git",
                "reference": "1a40994527b3a446e6d696968183a4023c56d261"
            },
            "dist": {
                "type": "zip",
                "url": "https://api.github.com/repos/silverstripe/silverstripe-cms/zipball/1a40994527b3a446e6d696968183a4023c56d261",
                "reference": "1a40994527b3a446e6d696968183a4023c56d261",
                "shasum": ""
            },
            "require": {
                "composer/installers": "*",
                "php": ">=5.3.2",
                "silverstripe/framework": "3.2.x-dev",
                "silverstripe/reports": "*"
            },
            "type": "silverstripe-module",
            "extra": {
                "branch-alias": {
                    "dev-master": "3.2.x-dev"
                }
            },
            "autoload": {
                "classmap": [
                    "tests/behat/"
                ]
            },
            "notification-url": "https://packagist.org/downloads/",
            "license": [
                "BSD-3-Clause"
            ],
            "authors": [
                {
                    "name": "SilverStripe",
                    "homepage": "http://silverstripe.com"
                },
                {
                    "name": "The SilverStripe Community",
                    "homepage": "http://silverstripe.org"
                }
            ],
            "description": "The SilverStripe Content Management System",
            "homepage": "http://silverstripe.org",
            "keywords": [
                "cms",
                "silverstripe"
            ],
            "time": "2013-10-06 17:07:52"
        },
        {
            "name": "silverstripe/dashboard",
            "version": "dev-master",
            "source": {
                "type": "git",
                "url": "https://github.com/unclecheese/silverstripe-dashboard.git",
                "reference": "02109cdb5f18ed9432a1f628ef71f3be31746437"
            },
            "dist": {
                "type": "zip",
                "url": "https://api.github.com/repos/unclecheese/silverstripe-dashboard/zipball/02109cdb5f18ed9432a1f628ef71f3be31746437",
                "reference": "02109cdb5f18ed9432a1f628ef71f3be31746437",
                "shasum": ""
            },
            "require": {
                "silverstripe/cms": "~3.1",
                "silverstripe/framework": "~3.1"
            },
            "replace": {
                "silverstripe/dashboard": "*"
            },
            "type": "silverstripe-module",
            "extra": {
                "installer-name": "dashboard"
            },
            "notification-url": "https://packagist.org/downloads/",
            "license": [
                "BSD-3-Clause"
            ],
            "authors": [
                {
                    "name": "Uncle Cheese",
                    "email": "unclecheese@leftandmain.com",
                    "homepage": "http://leftandmain.com"
                }
            ],
            "description": "Adds a dashboard to the SilverStripe CMS",
            "keywords": [
                "cms",
                "dashboard",
                "module",
                "silverstripe"
            ],
            "time": "2013-09-10 04:52:07"
        },
        {
            "name": "silverstripe/framework",
            "version": "dev-master",
            "source": {
                "type": "git",
                "url": "https://github.com/silverstripe/silverstripe-framework.git",
                "reference": "60fc7e5346c0498f3c0e033c7d5529818f986b32"
            },
            "dist": {
                "type": "zip",
                "url": "https://api.github.com/repos/silverstripe/silverstripe-framework/zipball/60fc7e5346c0498f3c0e033c7d5529818f986b32",
                "reference": "60fc7e5346c0498f3c0e033c7d5529818f986b32",
                "shasum": ""
            },
            "require": {
                "composer/installers": "*",
                "php": ">=5.3.2"
            },
            "type": "silverstripe-module",
            "extra": {
                "branch-alias": {
                    "dev-master": "3.2.x-dev"
                }
            },
            "autoload": {
                "classmap": [
                    "tests/behat/features/bootstrap"
                ]
            },
            "notification-url": "https://packagist.org/downloads/",
            "license": [
                "BSD-3-Clause"
            ],
            "authors": [
                {
                    "name": "SilverStripe",
                    "homepage": "http://silverstripe.com"
                },
                {
                    "name": "The SilverStripe Community",
                    "homepage": "http://silverstripe.org"
                }
            ],
            "description": "The SilverStripe framework",
            "homepage": "http://silverstripe.org",
            "keywords": [
                "framework",
                "silverstripe"
            ],
            "time": "2013-10-06 17:07:39"
        },
        {
            "name": "silverstripe/reports",
            "version": "dev-master",
            "source": {
                "type": "git",
                "url": "https://github.com/silverstripe-labs/silverstripe-reports.git",
                "reference": "2e878e54e3535bb34bc8b2758f5e8f8389707274"
            },
            "dist": {
                "type": "zip",
                "url": "https://api.github.com/repos/silverstripe-labs/silverstripe-reports/zipball/2e878e54e3535bb34bc8b2758f5e8f8389707274",
                "reference": "2e878e54e3535bb34bc8b2758f5e8f8389707274",
                "shasum": ""
            },
            "require": {
                "php": ">=5.3.2",
                "silverstripe/framework": "~3.2"
            },
            "type": "silverstripe-module",
            "notification-url": "https://packagist.org/downloads/",
            "license": [
                "BSD-3-Clause"
            ],
            "authors": [
                {
                    "name": "SilverStripe",
                    "homepage": "http://silverstripe.com"
                },
                {
                    "name": "The SilverStripe Community",
                    "homepage": "http://silverstripe.org"
                }
            ],
            "homepage": "http://silverstripe.org",
            "keywords": [
                "cms",
                "reports",
                "silverstripe"
            ],
            "time": "2013-08-14 09:59:02"
        },
        {
            "name": "unclecheese/betterbuttons",
            "version": "dev-master",
            "source": {
                "type": "git",
                "url": "https://github.com/unclecheese/silverstripe-gridfield-betterbuttons.git",
                "reference": "807ca2fa5292406003becf93ff96cd2eb0168ae3"
            },
            "dist": {
                "type": "zip",
                "url": "https://api.github.com/repos/unclecheese/silverstripe-gridfield-betterbuttons/zipball/807ca2fa5292406003becf93ff96cd2eb0168ae3",
                "reference": "807ca2fa5292406003becf93ff96cd2eb0168ae3",
                "shasum": ""
            },
            "require": {
                "silverstripe/framework": "~3.1"
            },
            "type": "silverstripe-module",
            "notification-url": "https://packagist.org/downloads/",
            "license": [
                "BSD-3-Clause"
            ],
            "authors": [
                {
                    "name": "Uncle Cheese",
                    "email": "unclecheese@leftandmain.com",
                    "homepage": "http://leftandmain.com"
                }
            ],
            "description": "Adds new form actions and buttons to GridField detail form for usability enhancements.",
            "keywords": [
                "buttons",
                "gridfield",
                "silverstripe"
            ],
            "time": "2013-09-29 22:25:56"
        }
    ],
    "packages-dev": [

    ],
    "aliases": [

    ],
    "minimum-stability": "dev",
    "stability-flags": {
        "silverstripe/cms": 20,
        "silverstripe/framework": 20,
        "mateusz/frontend": 20,
        "ajshort/silverstripe-gridfieldextensions": 20,
        "unclecheese/betterbuttons": 20,
        "silverstripe/dashboard": 20,
        "adrexia/gamesevent": 20
    },
    "platform": {
        "php": ">=5.3.2"
    },
    "platform-dev": [

    ]
}
